
Microsoft Visual Studio Solution File, Format Version 12.00
# Visual Studio Version 16
VisualStudioVersion = 16.0.31702.278
MinimumVisualStudioVersion = 10.0.40219.1
Project("{FAE04EC0-301F-11D3-BF4B-00C04F79EFBC}") = "Milestone Project", "Milestone Project.csproj", "{BC484F96-AF65-4ED7-A0FB-3C1AABC59B6F}"
EndProject
Global
	GlobalSection(SolutionConfigurationPlatforms) = preSolution
		Debug|Any CPU = Debug|Any CPU
		Release|Any CPU = Release|Any CPU
	EndGlobalSection
	GlobalSection(ProjectConfigurationPlatforms) = postSolution
		{BC484F96-AF65-4ED7-A0FB-3C1AABC59B6F}.Debug|Any CPU.ActiveCfg = Debug|Any CPU
		{BC484F96-AF65-4ED7-A0FB-3C1AABC59B6F}.Debug|Any CPU.Build.0 = Debug|Any CPU
		{BC484F96-AF65-4ED7-A0FB-3C1AABC59B6F}.Release|Any CPU.ActiveCfg = Release|Any CPU
		{BC484F96-AF65-4ED7-A0FB-3C1AABC59B6F}.Release|Any CPU.Build.0 = Release|Any CPU
	EndGlobalSection
	GlobalSection(SolutionProperties) = preSolution
		HideSolutionNode = FALSE
	EndGlobalSection
	GlobalSection(ExtensibilityGlobals) = postSolution
		SolutionGuid = {7AB81E44-7481-4BFC-A3BD-C4F503C46E4F}
	EndGlobalSection
EndGlobal
